<?xml version="1.0" encoding="UTF-8"?>
<Project ToolsVersion="14.0" xmlns="http://schemas.microsoft.com/developer/msbuild/2003">
  <ItemGroup>
    <CustomBuild Include="C:\Users\Charmaine\Desktop\tutorial\build\CMakeFiles\5ce236262e53072361d9ef4cc077f580\INSTALL_force.rule">
      <Filter>CMake Rules</Filter>
    </CustomBuild>
  </ItemGroup>
  <ItemGroup>
    <Filter Include="CMake Rules">
      <UniqueIdentifier>{F300DC20-FD5D-3DDF-ABF0-1650670C2B90}</UniqueIdentifier>
    </Filter>
  </ItemGroup>
</Project>
